
Microsoft Visual Studio Solution File, Format Version 12.00
# Visual Studio Version 16
VisualStudioVersion = 25.0.1705.4
MinimumVisualStudioVersion = 10.0.40219.1
Project("{FAE04EC0-301F-11D3-BF4B-00C04F79EFBC}") = "ShoppingSite", "ShoppingSite\ShoppingSite.csproj", "{53E2A0F3-70FC-473F-8514-1E9107B8F087}"
EndProject
Project("{2150E333-8FDC-42A3-9474-1A3956D46DE8}") = "Solution Items", "Solution Items", "{6BC5C4AC-8A54-4284-B47C-B4B6FB55A708}"
	ProjectSection(SolutionItems) = preProject
		.editorconfig = .editorconfig
	EndProjectSection
EndProject
Global
	GlobalSection(SolutionConfigurationPlatforms) = preSolution
		Debug|Any CPU = Debug|Any CPU
		Release|Any CPU = Release|Any CPU
	EndGlobalSection
	GlobalSection(ProjectConfigurationPlatforms) = postSolution
		{53E2A0F3-70FC-473F-8514-1E9107B8F087}.Debug|Any CPU.ActiveCfg = Debug|Any CPU
		{53E2A0F3-70FC-473F-8514-1E9107B8F087}.Debug|Any CPU.Build.0 = Debug|Any CPU
		{53E2A0F3-70FC-473F-8514-1E9107B8F087}.Release|Any CPU.ActiveCfg = Release|Any CPU
		{53E2A0F3-70FC-473F-8514-1E9107B8F087}.Release|Any CPU.Build.0 = Release|Any CPU
	EndGlobalSection
	GlobalSection(SolutionProperties) = preSolution
		HideSolutionNode = FALSE
	EndGlobalSection
	GlobalSection(ExtensibilityGlobals) = postSolution
		SolutionGuid = {0475D9FB-1286-4C70-9BEA-7B543A28D094}
	EndGlobalSection
EndGlobal
